
Microsoft Visual Studio Solution File, Format Version 12.00
# Visual Studio 15
VisualStudioVersion = 15.0.27428.2043
MinimumVisualStudioVersion = 10.0.40219.1
Project("{FAE04EC0-301F-11D3-BF4B-00C04F79EFBC}") = "ProjetoGrafico", "ProjetoGrafico\ProjetoGrafico.csproj", "{C7FFE9E4-92F0-4AE1-A0C6-9F2F7A6F027F}"
EndProject
Project("{FAE04EC0-301F-11D3-BF4B-00C04F79EFBC}") = "BibliotecaProjeto", "BibliotecaProjeto\BibliotecaProjeto.csproj", "{AC9DDAA6-FCA4-463A-8833-49E463F32E4B}"
EndProject
Global
	GlobalSection(SolutionConfigurationPlatforms) = preSolution
		Debug|Any CPU = Debug|Any CPU
		Release|Any CPU = Release|Any CPU
	EndGlobalSection
	GlobalSection(ProjectConfigurationPlatforms) = postSolution
		{C7FFE9E4-92F0-4AE1-A0C6-9F2F7A6F027F}.Debug|Any CPU.ActiveCfg = Debug|Any CPU
		{C7FFE9E4-92F0-4AE1-A0C6-9F2F7A6F027F}.Debug|Any CPU.Build.0 = Debug|Any CPU
		{C7FFE9E4-92F0-4AE1-A0C6-9F2F7A6F027F}.Release|Any CPU.ActiveCfg = Release|Any CPU
		{C7FFE9E4-92F0-4AE1-A0C6-9F2F7A6F027F}.Release|Any CPU.Build.0 = Release|Any CPU
		{AC9DDAA6-FCA4-463A-8833-49E463F32E4B}.Debug|Any CPU.ActiveCfg = Debug|Any CPU
		{AC9DDAA6-FCA4-463A-8833-49E463F32E4B}.Debug|Any CPU.Build.0 = Debug|Any CPU
		{AC9DDAA6-FCA4-463A-8833-49E463F32E4B}.Release|Any CPU.ActiveCfg = Release|Any CPU
		{AC9DDAA6-FCA4-463A-8833-49E463F32E4B}.Release|Any CPU.Build.0 = Release|Any CPU
	EndGlobalSection
	GlobalSection(SolutionProperties) = preSolution
		HideSolutionNode = FALSE
	EndGlobalSection
	GlobalSection(ExtensibilityGlobals) = postSolution
		SolutionGuid = {49D2B637-F995-41DF-8861-75DD29EC2B5E}
	EndGlobalSection
EndGlobal
